
Microsoft Visual Studio Solution File, Format Version 12.00
# Visual Studio 15
VisualStudioVersion = 15.0.27703.2042
MinimumVisualStudioVersion = 10.0.40219.1
Project("{D954291E-2A0B-460D-934E-DC6B0785DB48}") = "JSONParser", "JSONParser\JSONParser.shproj", "{60B41D4B-F453-4FBC-8132-418E4C92FBF2}"
EndProject
Global
	GlobalSection(SharedMSBuildProjectFiles) = preSolution
		JSONParser\JSONParser.projitems*{60b41d4b-f453-4fbc-8132-418e4c92fbf2}*SharedItemsImports = 13
	EndGlobalSection
	GlobalSection(SolutionProperties) = preSolution
		HideSolutionNode = FALSE
	EndGlobalSection
	GlobalSection(ExtensibilityGlobals) = postSolution
		SolutionGuid = {BF792760-0B81-4A14-B198-0B1C1E5E3534}
	EndGlobalSection
EndGlobal
